// !$*UTF8*$!
{
	archiveVersion = 1;
	classes = {
	};
	objectVersion = 56;
	objects = {

/* Begin PBXBuildFile section */
		911777572B5D4AB400066C71 /* LetterView.swift in Sources */ = {isa = PBXBuildFile; fileRef = 911777562B5D4AB400066C71 /* LetterView.swift */; };
		9122BD0C2C9C51B300288AE9 /* BadgesView.swift in Sources */ = {isa = PBXBuildFile; fileRef = 9122BD0B2C9C51B200288AE9 /* BadgesView.swift */; };
		9122BD0E2C9C51DA00288AE9 /* ConfettiView.swift in Sources */ = {isa = PBXBuildFile; fileRef = 9122BD0D2C9C51DA00288AE9 /* ConfettiView.swift */; };
		9122BD102C9C529A00288AE9 /* MainView.swift in Sources */ = {isa = PBXBuildFile; fileRef = 9122BD0F2C9C529A00288AE9 /* MainView.swift */; };
		912591922BAC42E300B59151 /* CustomNavBarPreferenceKeys.swift in Sources */ = {isa = PBXBuildFile; fileRef = 912591912BAC42E300B59151 /* CustomNavBarPreferenceKeys.swift */; };
		9128FA532B55519A00F2C303 /* WordGame.swift in Sources */ = {isa = PBXBuildFile; fileRef = 9128FA522B55519A00F2C303 /* WordGame.swift */; };
		9128FA552B5552D800F2C303 /* Word.swift in Sources */ = {isa = PBXBuildFile; fileRef = 9128FA542B5552D800F2C303 /* Word.swift */; };
		9137556E2BA9C4EC00EA3DC9 /* CustomNavBarContainerView.swift in Sources */ = {isa = PBXBuildFile; fileRef = 9137556D2BA9C4EC00EA3DC9 /* CustomNavBarContainerView.swift */; };
		913755702BA9CA2500EA3DC9 /* CustomNavView.swift in Sources */ = {isa = PBXBuildFile; fileRef = 9137556F2BA9CA2500EA3DC9 /* CustomNavView.swift */; };
		913755742BA9CC8F00EA3DC9 /* CustomNavLinkView.swift in Sources */ = {isa = PBXBuildFile; fileRef = 913755732BA9CC8F00EA3DC9 /* CustomNavLinkView.swift */; };
		913F7E8F2AFA70C700E064E7 /* HomeViewModel.swift in Sources */ = {isa = PBXBuildFile; fileRef = 913F7E8E2AFA70C700E064E7 /* HomeViewModel.swift */; };
		91488CCC2B2C92FB00696F54 /* WrapView.swift in Sources */ = {isa = PBXBuildFile; fileRef = 91488CCB2B2C92FB00696F54 /* WrapView.swift */; };
		91488CCE2B2C9CD300696F54 /* LabelledDividerView.swift in Sources */ = {isa = PBXBuildFile; fileRef = 91488CCD2B2C9CD300696F54 /* LabelledDividerView.swift */; };
		914AB01B2B0CF1D000D25DD7 /* WordLevel.swift in Sources */ = {isa = PBXBuildFile; fileRef = 914AB01A2B0CF1D000D25DD7 /* WordLevel.swift */; };
		914C8DF32B69876900238A5B /* appExceptionWords.strings in Resources */ = {isa = PBXBuildFile; fileRef = 914C8DF22B69876900238A5B /* appExceptionWords.strings */; };
		91572B1E2CDB9797001DBF2D /* CircularProgressView.swift in Sources */ = {isa = PBXBuildFile; fileRef = 91572B1D2CDB9797001DBF2D /* CircularProgressView.swift */; };
		916723062AFBC84300F5D823 /* WordFlashCardView.swift in Sources */ = {isa = PBXBuildFile; fileRef = 916723052AFBC84300F5D823 /* WordFlashCardView.swift */; };
		9168B3BC2AFE4A73004B956E /* MakeAWordWithLetters.swift in Sources */ = {isa = PBXBuildFile; fileRef = 9168B3BB2AFE4A73004B956E /* MakeAWordWithLetters.swift */; };
		916969942B0B7E6A00BCFF99 /* SearchBarView.swift in Sources */ = {isa = PBXBuildFile; fileRef = 916969932B0B7E6A00BCFF99 /* SearchBarView.swift */; };
		916E80EB2B613DCB001427EE /* GridView.swift in Sources */ = {isa = PBXBuildFile; fileRef = 916E80EA2B613DCB001427EE /* GridView.swift */; };
		917612C82AEA864A006D3718 /* wieApp.swift in Sources */ = {isa = PBXBuildFile; fileRef = 917612C72AEA864A006D3718 /* wieApp.swift */; };
		917612CC2AEA864B006D3718 /* Assets.xcassets in Resources */ = {isa = PBXBuildFile; fileRef = 917612CB2AEA864B006D3718 /* Assets.xcassets */; };
		917612CF2AEA864B006D3718 /* Preview Assets.xcassets in Resources */ = {isa = PBXBuildFile; fileRef = 917612CE2AEA864B006D3718 /* Preview Assets.xcassets */; };
		917612D42AEA864B006D3718 /* wie.xcdatamodeld in Sources */ = {isa = PBXBuildFile; fileRef = 917612D22AEA864B006D3718 /* wie.xcdatamodeld */; };
		917612DB2AEA87E2006D3718 /* OnboardView.swift in Sources */ = {isa = PBXBuildFile; fileRef = 917612DA2AEA87E2006D3718 /* OnboardView.swift */; };
		917612E02AEAA630006D3718 /* CommonExceptionWordsView.swift in Sources */ = {isa = PBXBuildFile; fileRef = 917612DF2AEAA630006D3718 /* CommonExceptionWordsView.swift */; };
		917612E22AEAA646006D3718 /* WhatsOnTheTrayView.swift in Sources */ = {isa = PBXBuildFile; fileRef = 917612E12AEAA646006D3718 /* WhatsOnTheTrayView.swift */; };
		917612E62AEAA67A006D3718 /* WordSearchView.swift in Sources */ = {isa = PBXBuildFile; fileRef = 917612E52AEAA67A006D3718 /* WordSearchView.swift */; };
		917612E82AEAA693006D3718 /* HighFrequencyWords.swift in Sources */ = {isa = PBXBuildFile; fileRef = 917612E72AEAA693006D3718 /* HighFrequencyWords.swift */; };
		917612EA2AEAA6DF006D3718 /* ThinkWriteView.swift in Sources */ = {isa = PBXBuildFile; fileRef = 917612E92AEAA6DF006D3718 /* ThinkWriteView.swift */; };
		917612EC2AEAA6EC006D3718 /* StoryWritingView.swift in Sources */ = {isa = PBXBuildFile; fileRef = 917612EB2AEAA6EC006D3718 /* StoryWritingView.swift */; };
		917612F22AEBD809006D3718 /* ProgressCircleView.swift in Sources */ = {isa = PBXBuildFile; fileRef = 917612F12AEBD809006D3718 /* ProgressCircleView.swift */; };
		9178EA902BE24A99004C7FE5 /* WordCardModel.swift in Sources */ = {isa = PBXBuildFile; fileRef = 9178EA8F2BE24A99004C7FE5 /* WordCardModel.swift */; };
		917AACD62CDA67DE00390EED /* TextToSpeech.swift in Sources */ = {isa = PBXBuildFile; fileRef = 917AACD52CDA67DE00390EED /* TextToSpeech.swift */; };
		918145B02C9C36BA00D93222 /* UserProgress.swift in Sources */ = {isa = PBXBuildFile; fileRef = 918145AF2C9C36BA00D93222 /* UserProgress.swift */; };
		918145B22C9C44E400D93222 /* RewardAnimationView.swift in Sources */ = {isa = PBXBuildFile; fileRef = 918145B12C9C44E400D93222 /* RewardAnimationView.swift */; };
		9183943B2AEC1D6700ABD18D /* Color.swift in Sources */ = {isa = PBXBuildFile; fileRef = 9183943A2AEC1D6700ABD18D /* Color.swift */; };
		918394432AEC20D700ABD18D /* CommonWordListProvider.swift in Sources */ = {isa = PBXBuildFile; fileRef = 918394422AEC20D700ABD18D /* CommonWordListProvider.swift */; };
		91894EC92BA87EB2000D8EDB /* BackButtonView.swift in Sources */ = {isa = PBXBuildFile; fileRef = 91894EC82BA87EB2000D8EDB /* BackButtonView.swift */; };
		91894ECB2BA88577000D8EDB /* CustomNavBarView.swift in Sources */ = {isa = PBXBuildFile; fileRef = 91894ECA2BA88577000D8EDB /* CustomNavBarView.swift */; };
		91899EBF2B627E5C000F4D57 /* WordBasicView.swift in Sources */ = {isa = PBXBuildFile; fileRef = 91899EBE2B627E5C000F4D57 /* WordBasicView.swift */; };
		918A1D922B2CC8B2008C9D4C /* OrientationInfo.swift in Sources */ = {isa = PBXBuildFile; fileRef = 918A1D912B2CC8B2008C9D4C /* OrientationInfo.swift */; };
		919127D42BD7D26B00D1AA23 /* Card.swift in Sources */ = {isa = PBXBuildFile; fileRef = 919127D32BD7D26B00D1AA23 /* Card.swift */; };
		91966F112B58049C0097C02F /* WrapView2.swift in Sources */ = {isa = PBXBuildFile; fileRef = 91966F102B58049C0097C02F /* WrapView2.swift */; };
		91A8E5A72B04E5EE003BBC5C /* WordLevelsView.swift in Sources */ = {isa = PBXBuildFile; fileRef = 91A8E5A62B04E5EE003BBC5C /* WordLevelsView.swift */; };
		91A8E5A92B04E92B003BBC5C /* year2CommonExceptionWords.strings in Resources */ = {isa = PBXBuildFile; fileRef = 91A8E5A82B04E92B003BBC5C /* year2CommonExceptionWords.strings */; };
		91B6A9052AFCF533003E60A9 /* WordModel.swift in Sources */ = {isa = PBXBuildFile; fileRef = 91B6A9042AFCF533003E60A9 /* WordModel.swift */; };
		91B6A9072AFD0016003E60A9 /* year1CommonExceptionWords.strings in Resources */ = {isa = PBXBuildFile; fileRef = 91B6A9062AFD0016003E60A9 /* year1CommonExceptionWords.strings */; };
		91B6A90B2AFD2729003E60A9 /* MenuItem.swift in Sources */ = {isa = PBXBuildFile; fileRef = 91B6A90A2AFD2729003E60A9 /* MenuItem.swift */; };
		91B8E3CD2B5A854100C989A2 /* SoundModel.swift in Sources */ = {isa = PBXBuildFile; fileRef = 91B8E3CC2B5A854100C989A2 /* SoundModel.swift */; };
		91C1B2AA2D37CA580043735D /* LaunchScreen.storyboard in Resources */ = {isa = PBXBuildFile; fileRef = 91C1B2A92D37CA580043735D /* LaunchScreen.storyboard */; };
		91EB18482B59425B00D27696 /* year3And4CommonExceptionWords.strings in Resources */ = {isa = PBXBuildFile; fileRef = 91EB18472B59425B00D27696 /* year3And4CommonExceptionWords.strings */; };
		91EB184A2B59426700D27696 /* year5And6CommonExceptionWords.strings in Resources */ = {isa = PBXBuildFile; fileRef = 91EB18492B59426700D27696 /* year5And6CommonExceptionWords.strings */; };
		91F27C742CAECC470068F31D /* CustomButtonStyle.swift in Sources */ = {isa = PBXBuildFile; fileRef = 91F27C732CAECC470068F31D /* CustomButtonStyle.swift */; };
		91F97B3E2BD90B4D0099E049 /* Tray.swift in Sources */ = {isa = PBXBuildFile; fileRef = 91F97B3D2BD90B4D0099E049 /* Tray.swift */; };
/* End PBXBuildFile section */

/* Begin PBXFileReference section */
		911777562B5D4AB400066C71 /* LetterView.swift */ = {isa = PBXFileReference; lastKnownFileType = sourcecode.swift; path = LetterView.swift; sourceTree = "<group>"; };
		9122BD0B2C9C51B200288AE9 /* BadgesView.swift */ = {isa = PBXFileReference; lastKnownFileType = sourcecode.swift; path = BadgesView.swift; sourceTree = "<group>"; };
		9122BD0D2C9C51DA00288AE9 /* ConfettiView.swift */ = {isa = PBXFileReference; lastKnownFileType = sourcecode.swift; path = ConfettiView.swift; sourceTree = "<group>"; };
		9122BD0F2C9C529A00288AE9 /* MainView.swift */ = {isa = PBXFileReference; lastKnownFileType = sourcecode.swift; path = MainView.swift; sourceTree = "<group>"; };
		912591912BAC42E300B59151 /* CustomNavBarPreferenceKeys.swift */ = {isa = PBXFileReference; lastKnownFileType = sourcecode.swift; path = CustomNavBarPreferenceKeys.swift; sourceTree = "<group>"; };
		9128FA522B55519A00F2C303 /* WordGame.swift */ = {isa = PBXFileReference; lastKnownFileType = sourcecode.swift; path = WordGame.swift; sourceTree = "<group>"; };
		9128FA542B5552D800F2C303 /* Word.swift */ = {isa = PBXFileReference; lastKnownFileType = sourcecode.swift; path = Word.swift; sourceTree = "<group>"; };
		9137556D2BA9C4EC00EA3DC9 /* CustomNavBarContainerView.swift */ = {isa = PBXFileReference; lastKnownFileType = sourcecode.swift; path = CustomNavBarContainerView.swift; sourceTree = "<group>"; };
		9137556F2BA9CA2500EA3DC9 /* CustomNavView.swift */ = {isa = PBXFileReference; lastKnownFileType = sourcecode.swift; path = CustomNavView.swift; sourceTree = "<group>"; };
		913755732BA9CC8F00EA3DC9 /* CustomNavLinkView.swift */ = {isa = PBXFileReference; lastKnownFileType = sourcecode.swift; path = CustomNavLinkView.swift; sourceTree = "<group>"; };
		913F7E8E2AFA70C700E064E7 /* HomeViewModel.swift */ = {isa = PBXFileReference; lastKnownFileType = sourcecode.swift; path = HomeViewModel.swift; sourceTree = "<group>"; };
		91488CCB2B2C92FB00696F54 /* WrapView.swift */ = {isa = PBXFileReference; lastKnownFileType = sourcecode.swift; path = WrapView.swift; sourceTree = "<group>"; };
		91488CCD2B2C9CD300696F54 /* LabelledDividerView.swift */ = {isa = PBXFileReference; lastKnownFileType = sourcecode.swift; path = LabelledDividerView.swift; sourceTree = "<group>"; };
		914AB01A2B0CF1D000D25DD7 /* WordLevel.swift */ = {isa = PBXFileReference; lastKnownFileType = sourcecode.swift; path = WordLevel.swift; sourceTree = "<group>"; };
		914C8DF22B69876900238A5B /* appExceptionWords.strings */ = {isa = PBXFileReference; lastKnownFileType = text.plist.strings; path = appExceptionWords.strings; sourceTree = "<group>"; };
		91572B1D2CDB9797001DBF2D /* CircularProgressView.swift */ = {isa = PBXFileReference; lastKnownFileType = sourcecode.swift; path = CircularProgressView.swift; sourceTree = "<group>"; };
		916723052AFBC84300F5D823 /* WordFlashCardView.swift */ = {isa = PBXFileReference; lastKnownFileType = sourcecode.swift; path = WordFlashCardView.swift; sourceTree = "<group>"; };
		9168B3BB2AFE4A73004B956E /* MakeAWordWithLetters.swift */ = {isa = PBXFileReference; lastKnownFileType = sourcecode.swift; path = MakeAWordWithLetters.swift; sourceTree = "<group>"; };
		916969932B0B7E6A00BCFF99 /* SearchBarView.swift */ = {isa = PBXFileReference; lastKnownFileType = sourcecode.swift; path = SearchBarView.swift; sourceTree = "<group>"; };
		916E80EA2B613DCB001427EE /* GridView.swift */ = {isa = PBXFileReference; lastKnownFileType = sourcecode.swift; path = GridView.swift; sourceTree = "<group>"; };
		917612C42AEA864A006D3718 /* wie.app */ = {isa = PBXFileReference; explicitFileType = wrapper.application; includeInIndex = 0; path = wie.app; sourceTree = BUILT_PRODUCTS_DIR; };
		917612C72AEA864A006D3718 /* wieApp.swift */ = {isa = PBXFileReference; lastKnownFileType = sourcecode.swift; path = wieApp.swift; sourceTree = "<group>"; };
		917612CB2AEA864B006D3718 /* Assets.xcassets */ = {isa = PBXFileReference; lastKnownFileType = folder.assetcatalog; path = Assets.xcassets; sourceTree = "<group>"; };
		917612CE2AEA864B006D3718 /* Preview Assets.xcassets */ = {isa = PBXFileReference; lastKnownFileType = folder.assetcatalog; path = "Preview Assets.xcassets"; sourceTree = "<group>"; };
		917612D32AEA864B006D3718 /* wie.xcdatamodel */ = {isa = PBXFileReference; lastKnownFileType = wrapper.xcdatamodel; path = wie.xcdatamodel; sourceTree = "<group>"; };
		917612DA2AEA87E2006D3718 /* OnboardView.swift */ = {isa = PBXFileReference; lastKnownFileType = sourcecode.swift; path = OnboardView.swift; sourceTree = "<group>"; };
		917612DF2AEAA630006D3718 /* CommonExceptionWordsView.swift */ = {isa = PBXFileReference; lastKnownFileType = sourcecode.swift; path = CommonExceptionWordsView.swift; sourceTree = "<group>"; };
		917612E12AEAA646006D3718 /* WhatsOnTheTrayView.swift */ = {isa = PBXFileReference; lastKnownFileType = sourcecode.swift; path = WhatsOnTheTrayView.swift; sourceTree = "<group>"; };
		917612E52AEAA67A006D3718 /* WordSearchView.swift */ = {isa = PBXFileReference; lastKnownFileType = sourcecode.swift; path = WordSearchView.swift; sourceTree = "<group>"; };
		917612E72AEAA693006D3718 /* HighFrequencyWords.swift */ = {isa = PBXFileReference; lastKnownFileType = sourcecode.swift; path = HighFrequencyWords.swift; sourceTree = "<group>"; };
		917612E92AEAA6DF006D3718 /* ThinkWriteView.swift */ = {isa = PBXFileReference; lastKnownFileType = sourcecode.swift; path = ThinkWriteView.swift; sourceTree = "<group>"; };
		917612EB2AEAA6EC006D3718 /* StoryWritingView.swift */ = {isa = PBXFileReference; lastKnownFileType = sourcecode.swift; path = StoryWritingView.swift; sourceTree = "<group>"; };
		917612F12AEBD809006D3718 /* ProgressCircleView.swift */ = {isa = PBXFileReference; lastKnownFileType = sourcecode.swift; path = ProgressCircleView.swift; sourceTree = "<group>"; };
		9178EA8F2BE24A99004C7FE5 /* WordCardModel.swift */ = {isa = PBXFileReference; lastKnownFileType = sourcecode.swift; path = WordCardModel.swift; sourceTree = "<group>"; };
		917AACD52CDA67DE00390EED /* TextToSpeech.swift */ = {isa = PBXFileReference; lastKnownFileType = sourcecode.swift; path = TextToSpeech.swift; sourceTree = "<group>"; };
		918145AF2C9C36BA00D93222 /* UserProgress.swift */ = {isa = PBXFileReference; lastKnownFileType = sourcecode.swift; path = UserProgress.swift; sourceTree = "<group>"; };
		918145B12C9C44E400D93222 /* RewardAnimationView.swift */ = {isa = PBXFileReference; lastKnownFileType = sourcecode.swift; path = RewardAnimationView.swift; sourceTree = "<group>"; };
		9183943A2AEC1D6700ABD18D /* Color.swift */ = {isa = PBXFileReference; lastKnownFileType = sourcecode.swift; path = Color.swift; sourceTree = "<group>"; };
		918394422AEC20D700ABD18D /* CommonWordListProvider.swift */ = {isa = PBXFileReference; lastKnownFileType = sourcecode.swift; path = CommonWordListProvider.swift; sourceTree = "<group>"; };
		91894EC82BA87EB2000D8EDB /* BackButtonView.swift */ = {isa = PBXFileReference; lastKnownFileType = sourcecode.swift; path = BackButtonView.swift; sourceTree = "<group>"; };
		91894ECA2BA88577000D8EDB /* CustomNavBarView.swift */ = {isa = PBXFileReference; lastKnownFileType = sourcecode.swift; path = CustomNavBarView.swift; sourceTree = "<group>"; };
		91899EBE2B627E5C000F4D57 /* WordBasicView.swift */ = {isa = PBXFileReference; lastKnownFileType = sourcecode.swift; path = WordBasicView.swift; sourceTree = "<group>"; };
		918A1D912B2CC8B2008C9D4C /* OrientationInfo.swift */ = {isa = PBXFileReference; lastKnownFileType = sourcecode.swift; path = OrientationInfo.swift; sourceTree = "<group>"; };
		919127D32BD7D26B00D1AA23 /* Card.swift */ = {isa = PBXFileReference; lastKnownFileType = sourcecode.swift; path = Card.swift; sourceTree = "<group>"; };
		91966F102B58049C0097C02F /* WrapView2.swift */ = {isa = PBXFileReference; lastKnownFileType = sourcecode.swift; path = WrapView2.swift; sourceTree = "<group>"; };
		91A8E5A62B04E5EE003BBC5C /* WordLevelsView.swift */ = {isa = PBXFileReference; lastKnownFileType = sourcecode.swift; path = WordLevelsView.swift; sourceTree = "<group>"; };
		91A8E5A82B04E92B003BBC5C /* year2CommonExceptionWords.strings */ = {isa = PBXFileReference; lastKnownFileType = text.plist.strings; path = year2CommonExceptionWords.strings; sourceTree = "<group>"; };
		91B6A9042AFCF533003E60A9 /* WordModel.swift */ = {isa = PBXFileReference; lastKnownFileType = sourcecode.swift; path = WordModel.swift; sourceTree = "<group>"; };
		91B6A9062AFD0016003E60A9 /* year1CommonExceptionWords.strings */ = {isa = PBXFileReference; lastKnownFileType = text.plist.strings; path = year1CommonExceptionWords.strings; sourceTree = "<group>"; };
		91B6A90A2AFD2729003E60A9 /* MenuItem.swift */ = {isa = PBXFileReference; lastKnownFileType = sourcecode.swift; path = MenuItem.swift; sourceTree = "<group>"; };
		91B8E3CC2B5A854100C989A2 /* SoundModel.swift */ = {isa = PBXFileReference; lastKnownFileType = sourcecode.swift; path = SoundModel.swift; sourceTree = "<group>"; };
		91C1B2A92D37CA580043735D /* LaunchScreen.storyboard */ = {isa = PBXFileReference; lastKnownFileType = file.storyboard; path = LaunchScreen.storyboard; sourceTree = "<group>"; };
		91D6AA352D368FC30034F2F1 /* Info.plist */ = {isa = PBXFileReference; lastKnownFileType = text.plist.xml; path = Info.plist; sourceTree = "<group>"; };
		91EB18472B59425B00D27696 /* year3And4CommonExceptionWords.strings */ = {isa = PBXFileReference; lastKnownFileType = text.plist.strings; path = year3And4CommonExceptionWords.strings; sourceTree = "<group>"; };
		91EB18492B59426700D27696 /* year5And6CommonExceptionWords.strings */ = {isa = PBXFileReference; lastKnownFileType = text.plist.strings; path = year5And6CommonExceptionWords.strings; sourceTree = "<group>"; };
		91F27C732CAECC470068F31D /* CustomButtonStyle.swift */ = {isa = PBXFileReference; lastKnownFileType = sourcecode.swift; path = CustomButtonStyle.swift; sourceTree = "<group>"; };
		91F97B3D2BD90B4D0099E049 /* Tray.swift */ = {isa = PBXFileReference; lastKnownFileType = sourcecode.swift; path = Tray.swift; sourceTree = "<group>"; };
/* End PBXFileReference section */

/* Begin PBXFrameworksBuildPhase section */
		917612C12AEA864A006D3718 /* Frameworks */ = {
			isa = PBXFrameworksBuildPhase;
			buildActionMask = 2147483647;
			files = (
			);
			runOnlyForDeploymentPostprocessing = 0;
		};
/* End PBXFrameworksBuildPhase section */

/* Begin PBXGroup section */
		913F7E8C2AFA709400E064E7 /* Views */ = {
			isa = PBXGroup;
			children = (
				917612DA2AEA87E2006D3718 /* OnboardView.swift */,
				917612DF2AEAA630006D3718 /* CommonExceptionWordsView.swift */,
				917612E12AEAA646006D3718 /* WhatsOnTheTrayView.swift */,
				917612E52AEAA67A006D3718 /* WordSearchView.swift */,
				917612E72AEAA693006D3718 /* HighFrequencyWords.swift */,
				917612E92AEAA6DF006D3718 /* ThinkWriteView.swift */,
				917612EB2AEAA6EC006D3718 /* StoryWritingView.swift */,
				9168B3BB2AFE4A73004B956E /* MakeAWordWithLetters.swift */,
				91A8E5A62B04E5EE003BBC5C /* WordLevelsView.swift */,
				9128FA522B55519A00F2C303 /* WordGame.swift */,
				9122BD0F2C9C529A00288AE9 /* MainView.swift */,
			);
			path = Views;
			sourceTree = "<group>";
		};
		913F7E8D2AFA70AD00E064E7 /* ViewModels */ = {
			isa = PBXGroup;
			children = (
				913F7E8E2AFA70C700E064E7 /* HomeViewModel.swift */,
			);
			path = ViewModels;
			sourceTree = "<group>";
		};
		91440EE22D36901F00DD8DF9 /* Launch */ = {
			isa = PBXGroup;
			children = (
				91C1B2A92D37CA580043735D /* LaunchScreen.storyboard */,
			);
			path = Launch;
			sourceTree = "<group>";
		};
		916723042AFBC82B00F5D823 /* Components */ = {
			isa = PBXGroup;
			children = (
				917612F12AEBD809006D3718 /* ProgressCircleView.swift */,
				916723052AFBC84300F5D823 /* WordFlashCardView.swift */,
				916969932B0B7E6A00BCFF99 /* SearchBarView.swift */,
				91488CCB2B2C92FB00696F54 /* WrapView.swift */,
				91F27C732CAECC470068F31D /* CustomButtonStyle.swift */,
				91966F102B58049C0097C02F /* WrapView2.swift */,
				911777562B5D4AB400066C71 /* LetterView.swift */,
				91488CCD2B2C9CD300696F54 /* LabelledDividerView.swift */,
				9128FA542B5552D800F2C303 /* Word.swift */,
				919127D32BD7D26B00D1AA23 /* Card.swift */,
				91899EBE2B627E5C000F4D57 /* WordBasicView.swift */,
				916E80EA2B613DCB001427EE /* GridView.swift */,
				91894EC82BA87EB2000D8EDB /* BackButtonView.swift */,
				91894ECA2BA88577000D8EDB /* CustomNavBarView.swift */,
				9137556D2BA9C4EC00EA3DC9 /* CustomNavBarContainerView.swift */,
				9137556F2BA9CA2500EA3DC9 /* CustomNavView.swift */,
				913755732BA9CC8F00EA3DC9 /* CustomNavLinkView.swift */,
				912591912BAC42E300B59151 /* CustomNavBarPreferenceKeys.swift */,
				91F97B3D2BD90B4D0099E049 /* Tray.swift */,
				918145B12C9C44E400D93222 /* RewardAnimationView.swift */,
				9122BD0B2C9C51B200288AE9 /* BadgesView.swift */,
				9122BD0D2C9C51DA00288AE9 /* ConfettiView.swift */,
				91572B1D2CDB9797001DBF2D /* CircularProgressView.swift */,
			);
			path = Components;
			sourceTree = "<group>";
		};
		917612BB2AEA864A006D3718 = {
			isa = PBXGroup;
			children = (
				917612C62AEA864A006D3718 /* wie */,
				917612C52AEA864A006D3718 /* Products */,
			);
			sourceTree = "<group>";
		};
		917612C52AEA864A006D3718 /* Products */ = {
			isa = PBXGroup;
			children = (
				917612C42AEA864A006D3718 /* wie.app */,
			);
			name = Products;
			sourceTree = "<group>";
		};
		917612C62AEA864A006D3718 /* wie */ = {
			isa = PBXGroup;
			children = (
				91D6AA352D368FC30034F2F1 /* Info.plist */,
				917612C72AEA864A006D3718 /* wieApp.swift */,
				918394392AEC1D2E00ABD18D /* Utilities */,
				9183943C2AEC1D8200ABD18D /* Extensions */,
				918394382AEC1D1A00ABD18D /* Models */,
				918394372AEC1D1500ABD18D /* Core */,
				917612CB2AEA864B006D3718 /* Assets.xcassets */,
				917612CD2AEA864B006D3718 /* Preview Content */,
			);
			path = wie;
			sourceTree = "<group>";
		};
		917612CD2AEA864B006D3718 /* Preview Content */ = {
			isa = PBXGroup;
			children = (
				917612CE2AEA864B006D3718 /* Preview Assets.xcassets */,
			);
			path = "Preview Content";
			sourceTree = "<group>";
		};
		918394372AEC1D1500ABD18D /* Core */ = {
			isa = PBXGroup;
			children = (
				916723042AFBC82B00F5D823 /* Components */,
				9183943D2AEC1DEC00ABD18D /* Home */,
				91440EE22D36901F00DD8DF9 /* Launch */,
			);
			path = Core;
			sourceTree = "<group>";
		};
		918394382AEC1D1A00ABD18D /* Models */ = {
			isa = PBXGroup;
			children = (
				917612D22AEA864B006D3718 /* wie.xcdatamodeld */,
				91B6A9042AFCF533003E60A9 /* WordModel.swift */,
				9178EA8F2BE24A99004C7FE5 /* WordCardModel.swift */,
				914AB01A2B0CF1D000D25DD7 /* WordLevel.swift */,
				91B8E3CC2B5A854100C989A2 /* SoundModel.swift */,
				918145AF2C9C36BA00D93222 /* UserProgress.swift */,
				917AACD52CDA67DE00390EED /* TextToSpeech.swift */,
			);
			path = Models;
			sourceTree = "<group>";
		};
		918394392AEC1D2E00ABD18D /* Utilities */ = {
			isa = PBXGroup;
			children = (
				914C8DF22B69876900238A5B /* appExceptionWords.strings */,
				91B6A9062AFD0016003E60A9 /* year1CommonExceptionWords.strings */,
				91A8E5A82B04E92B003BBC5C /* year2CommonExceptionWords.strings */,
				91EB18472B59425B00D27696 /* year3And4CommonExceptionWords.strings */,
				91EB18492B59426700D27696 /* year5And6CommonExceptionWords.strings */,
				91B6A90A2AFD2729003E60A9 /* MenuItem.swift */,
			);
			path = Utilities;
			sourceTree = "<group>";
		};
		9183943C2AEC1D8200ABD18D /* Extensions */ = {
			isa = PBXGroup;
			children = (
				9183943A2AEC1D6700ABD18D /* Color.swift */,
				918394422AEC20D700ABD18D /* CommonWordListProvider.swift */,
				918A1D912B2CC8B2008C9D4C /* OrientationInfo.swift */,
			);
			path = Extensions;
			sourceTree = "<group>";
		};
		9183943D2AEC1DEC00ABD18D /* Home */ = {
			isa = PBXGroup;
			children = (
				913F7E8D2AFA70AD00E064E7 /* ViewModels */,
				913F7E8C2AFA709400E064E7 /* Views */,
			);
			path = Home;
			sourceTree = "<group>";
		};
/* End PBXGroup section */

/* Begin PBXNativeTarget section */
		917612C32AEA864A006D3718 /* wie */ = {
			isa = PBXNativeTarget;
			buildConfigurationList = 917612D72AEA864B006D3718 /* Build configuration list for PBXNativeTarget "wie" */;
			buildPhases = (
				917612C02AEA864A006D3718 /* Sources */,
				917612C12AEA864A006D3718 /* Frameworks */,
				917612C22AEA864A006D3718 /* Resources */,
			);
			buildRules = (
			);
			dependencies = (
			);
			name = wie;
			packageProductDependencies = (
			);
			productName = wie;
			productReference = 917612C42AEA864A006D3718 /* wie.app */;
			productType = "com.apple.product-type.application";
		};
/* End PBXNativeTarget section */

/* Begin PBXProject section */
		917612BC2AEA864A006D3718 /* Project object */ = {
			isa = PBXProject;
			attributes = {
				BuildIndependentTargetsInParallel = 1;
				LastSwiftUpdateCheck = 1430;
				LastUpgradeCheck = 1430;
				TargetAttributes = {
					917612C32AEA864A006D3718 = {
						CreatedOnToolsVersion = 14.3.1;
					};
				};
			};
			buildConfigurationList = 917612BF2AEA864A006D3718 /* Build configuration list for PBXProject "wie" */;
			compatibilityVersion = "Xcode 14.0";
			developmentRegion = en;
			hasScannedForEncodings = 0;
			knownRegions = (
				en,
				Base,
			);
			mainGroup = 917612BB2AEA864A006D3718;
			packageReferences = (
			);
			productRefGroup = 917612C52AEA864A006D3718 /* Products */;
			projectDirPath = "";
			projectRoot = "";
			targets = (
				917612C32AEA864A006D3718 /* wie */,
			);
		};
/* End PBXProject section */

/* Begin PBXResourcesBuildPhase section */
		917612C22AEA864A006D3718 /* Resources */ = {
			isa = PBXResourcesBuildPhase;
			buildActionMask = 2147483647;
			files = (
				917612CF2AEA864B006D3718 /* Preview Assets.xcassets in Resources */,
				91C1B2AA2D37CA580043735D /* LaunchScreen.storyboard in Resources */,
				91A8E5A92B04E92B003BBC5C /* year2CommonExceptionWords.strings in Resources */,
				91B6A9072AFD0016003E60A9 /* year1CommonExceptionWords.strings in Resources */,
				91EB18482B59425B00D27696 /* year3And4CommonExceptionWords.strings in Resources */,
				914C8DF32B69876900238A5B /* appExceptionWords.strings in Resources */,
				917612CC2AEA864B006D3718 /* Assets.xcassets in Resources */,
				91EB184A2B59426700D27696 /* year5And6CommonExceptionWords.strings in Resources */,
			);
			runOnlyForDeploymentPostprocessing = 0;
		};
/* End PBXResourcesBuildPhase section */

/* Begin PBXSourcesBuildPhase section */
		917612C02AEA864A006D3718 /* Sources */ = {
			isa = PBXSourcesBuildPhase;
			buildActionMask = 2147483647;
			files = (
				914AB01B2B0CF1D000D25DD7 /* WordLevel.swift in Sources */,
				91894ECB2BA88577000D8EDB /* CustomNavBarView.swift in Sources */,
				91B6A90B2AFD2729003E60A9 /* MenuItem.swift in Sources */,
				91A8E5A72B04E5EE003BBC5C /* WordLevelsView.swift in Sources */,
				91488CCE2B2C9CD300696F54 /* LabelledDividerView.swift in Sources */,
				917612E82AEAA693006D3718 /* HighFrequencyWords.swift in Sources */,
				916723062AFBC84300F5D823 /* WordFlashCardView.swift in Sources */,
				918394432AEC20D700ABD18D /* CommonWordListProvider.swift in Sources */,
				919127D42BD7D26B00D1AA23 /* Card.swift in Sources */,
				918145B02C9C36BA00D93222 /* UserProgress.swift in Sources */,
				91572B1E2CDB9797001DBF2D /* CircularProgressView.swift in Sources */,
				9122BD0C2C9C51B300288AE9 /* BadgesView.swift in Sources */,
				9137556E2BA9C4EC00EA3DC9 /* CustomNavBarContainerView.swift in Sources */,
				91899EBF2B627E5C000F4D57 /* WordBasicView.swift in Sources */,
				917612EA2AEAA6DF006D3718 /* ThinkWriteView.swift in Sources */,
				91966F112B58049C0097C02F /* WrapView2.swift in Sources */,
				917612E62AEAA67A006D3718 /* WordSearchView.swift in Sources */,
				91488CCC2B2C92FB00696F54 /* WrapView.swift in Sources */,
				917AACD62CDA67DE00390EED /* TextToSpeech.swift in Sources */,
				912591922BAC42E300B59151 /* CustomNavBarPreferenceKeys.swift in Sources */,
				9178EA902BE24A99004C7FE5 /* WordCardModel.swift in Sources */,
				9128FA552B5552D800F2C303 /* Word.swift in Sources */,
				917612EC2AEAA6EC006D3718 /* StoryWritingView.swift in Sources */,
				9128FA532B55519A00F2C303 /* WordGame.swift in Sources */,
				911777572B5D4AB400066C71 /* LetterView.swift in Sources */,
				916969942B0B7E6A00BCFF99 /* SearchBarView.swift in Sources */,
				918A1D922B2CC8B2008C9D4C /* OrientationInfo.swift in Sources */,
				91B6A9052AFCF533003E60A9 /* WordModel.swift in Sources */,
				913755742BA9CC8F00EA3DC9 /* CustomNavLinkView.swift in Sources */,
				91F27C742CAECC470068F31D /* CustomButtonStyle.swift in Sources */,
				918145B22C9C44E400D93222 /* RewardAnimationView.swift in Sources */,
				91B8E3CD2B5A854100C989A2 /* SoundModel.swift in Sources */,
				9122BD102C9C529A00288AE9 /* MainView.swift in Sources */,
				917612DB2AEA87E2006D3718 /* OnboardView.swift in Sources */,
				913755702BA9CA2500EA3DC9 /* CustomNavView.swift in Sources */,
				917612D42AEA864B006D3718 /* wie.xcdatamodeld in Sources */,
				91894EC92BA87EB2000D8EDB /* BackButtonView.swift in Sources */,
				9122BD0E2C9C51DA00288AE9 /* ConfettiView.swift in Sources */,
				91F97B3E2BD90B4D0099E049 /* Tray.swift in Sources */,
				9168B3BC2AFE4A73004B956E /* MakeAWordWithLetters.swift in Sources */,
				916E80EB2B613DCB001427EE /* GridView.swift in Sources */,
				9183943B2AEC1D6700ABD18D /* Color.swift in Sources */,
				917612F22AEBD809006D3718 /* ProgressCircleView.swift in Sources */,
				917612C82AEA864A006D3718 /* wieApp.swift in Sources */,
				917612E22AEAA646006D3718 /* WhatsOnTheTrayView.swift in Sources */,
				917612E02AEAA630006D3718 /* CommonExceptionWordsView.swift in Sources */,
				913F7E8F2AFA70C700E064E7 /* HomeViewModel.swift in Sources */,
			);
			runOnlyForDeploymentPostprocessing = 0;
		};
/* End PBXSourcesBuildPhase section */

/* Begin XCBuildConfiguration section */
		917612D52AEA864B006D3718 /* Debug */ = {
			isa = XCBuildConfiguration;
			buildSettings = {
				ALWAYS_SEARCH_USER_PATHS = NO;
				CLANG_ANALYZER_NONNULL = YES;
				CLANG_ANALYZER_NUMBER_OBJECT_CONVERSION = YES_AGGRESSIVE;
				CLANG_CXX_LANGUAGE_STANDARD = "gnu++20";
				CLANG_ENABLE_MODULES = YES;
				CLANG_ENABLE_OBJC_ARC = YES;
				CLANG_ENABLE_OBJC_WEAK = YES;
				CLANG_WARN_BLOCK_CAPTURE_AUTORELEASING = YES;
				CLANG_WARN_BOOL_CONVERSION = YES;
				CLANG_WARN_COMMA = YES;
				CLANG_WARN_CONSTANT_CONVERSION = YES;
				CLANG_WARN_DEPRECATED_OBJC_IMPLEMENTATIONS = YES;
				CLANG_WARN_DIRECT_OBJC_ISA_USAGE = YES_ERROR;
				CLANG_WARN_DOCUMENTATION_COMMENTS = YES;
				CLANG_WARN_EMPTY_BODY = YES;
				CLANG_WARN_ENUM_CONVERSION = YES;
				CLANG_WARN_INFINITE_RECURSION = YES;
				CLANG_WARN_INT_CONVERSION = YES;
				CLANG_WARN_NON_LITERAL_NULL_CONVERSION = YES;
				CLANG_WARN_OBJC_IMPLICIT_RETAIN_SELF = YES;
				CLANG_WARN_OBJC_LITERAL_CONVERSION = YES;
				CLANG_WARN_OBJC_ROOT_CLASS = YES_ERROR;
				CLANG_WARN_QUOTED_INCLUDE_IN_FRAMEWORK_HEADER = YES;
				CLANG_WARN_RANGE_LOOP_ANALYSIS = YES;
				CLANG_WARN_STRICT_PROTOTYPES = YES;
				CLANG_WARN_SUSPICIOUS_MOVE = YES;
				CLANG_WARN_UNGUARDED_AVAILABILITY = YES_AGGRESSIVE;
				CLANG_WARN_UNREACHABLE_CODE = YES;
				CLANG_WARN__DUPLICATE_METHOD_MATCH = YES;
				COPY_PHASE_STRIP = NO;
				DEBUG_INFORMATION_FORMAT = dwarf;
				ENABLE_STRICT_OBJC_MSGSEND = YES;
				ENABLE_TESTABILITY = YES;
				GCC_C_LANGUAGE_STANDARD = gnu11;
				GCC_DYNAMIC_NO_PIC = NO;
				GCC_NO_COMMON_BLOCKS = YES;
				GCC_OPTIMIZATION_LEVEL = 0;
				GCC_PREPROCESSOR_DEFINITIONS = (
					"DEBUG=1",
					"$(inherited)",
				);
				GCC_WARN_64_TO_32_BIT_CONVERSION = YES;
				GCC_WARN_ABOUT_RETURN_TYPE = YES_ERROR;
				GCC_WARN_UNDECLARED_SELECTOR = YES;
				GCC_WARN_UNINITIALIZED_AUTOS = YES_AGGRESSIVE;
				GCC_WARN_UNUSED_FUNCTION = YES;
				GCC_WARN_UNUSED_VARIABLE = YES;
				IPHONEOS_DEPLOYMENT_TARGET = 16.4;
				MTL_ENABLE_DEBUG_INFO = INCLUDE_SOURCE;
				MTL_FAST_MATH = YES;
				ONLY_ACTIVE_ARCH = YES;
				SDKROOT = iphoneos;
				SWIFT_ACTIVE_COMPILATION_CONDITIONS = DEBUG;
				SWIFT_OPTIMIZATION_LEVEL = "-Onone";
			};
			name = Debug;
		};
		917612D62AEA864B006D3718 /* Release */ = {
			isa = XCBuildConfiguration;
			buildSettings = {
				ALWAYS_SEARCH_USER_PATHS = NO;
				CLANG_ANALYZER_NONNULL = YES;
				CLANG_ANALYZER_NUMBER_OBJECT_CONVERSION = YES_AGGRESSIVE;
				CLANG_CXX_LANGUAGE_STANDARD = "gnu++20";
				CLANG_ENABLE_MODULES = YES;
				CLANG_ENABLE_OBJC_ARC = YES;
				CLANG_ENABLE_OBJC_WEAK = YES;
				CLANG_WARN_BLOCK_CAPTURE_AUTORELEASING = YES;
				CLANG_WARN_BOOL_CONVERSION = YES;
				CLANG_WARN_COMMA = YES;
				CLANG_WARN_CONSTANT_CONVERSION = YES;
				CLANG_WARN_DEPRECATED_OBJC_IMPLEMENTATIONS = YES;
				CLANG_WARN_DIRECT_OBJC_ISA_USAGE = YES_ERROR;
				CLANG_WARN_DOCUMENTATION_COMMENTS = YES;
				CLANG_WARN_EMPTY_BODY = YES;
				CLANG_WARN_ENUM_CONVERSION = YES;
				CLANG_WARN_INFINITE_RECURSION = YES;
				CLANG_WARN_INT_CONVERSION = YES;
				CLANG_WARN_NON_LITERAL_NULL_CONVERSION = YES;
				CLANG_WARN_OBJC_IMPLICIT_RETAIN_SELF = YES;
				CLANG_WARN_OBJC_LITERAL_CONVERSION = YES;
				CLANG_WARN_OBJC_ROOT_CLASS = YES_ERROR;
				CLANG_WARN_QUOTED_INCLUDE_IN_FRAMEWORK_HEADER = YES;
				CLANG_WARN_RANGE_LOOP_ANALYSIS = YES;
				CLANG_WARN_STRICT_PROTOTYPES = YES;
				CLANG_WARN_SUSPICIOUS_MOVE = YES;
				CLANG_WARN_UNGUARDED_AVAILABILITY = YES_AGGRESSIVE;
				CLANG_WARN_UNREACHABLE_CODE = YES;
				CLANG_WARN__DUPLICATE_METHOD_MATCH = YES;
				COPY_PHASE_STRIP = NO;
				DEBUG_INFORMATION_FORMAT = "dwarf-with-dsym";
				ENABLE_NS_ASSERTIONS = NO;
				ENABLE_STRICT_OBJC_MSGSEND = YES;
				GCC_C_LANGUAGE_STANDARD = gnu11;
				GCC_NO_COMMON_BLOCKS = YES;
				GCC_WARN_64_TO_32_BIT_CONVERSION = YES;
				GCC_WARN_ABOUT_RETURN_TYPE = YES_ERROR;
				GCC_WARN_UNDECLARED_SELECTOR = YES;
				GCC_WARN_UNINITIALIZED_AUTOS = YES_AGGRESSIVE;
				GCC_WARN_UNUSED_FUNCTION = YES;
				GCC_WARN_UNUSED_VARIABLE = YES;
				IPHONEOS_DEPLOYMENT_TARGET = 16.4;
				MTL_ENABLE_DEBUG_INFO = NO;
				MTL_FAST_MATH = YES;
				SDKROOT = iphoneos;
				SWIFT_COMPILATION_MODE = wholemodule;
				SWIFT_OPTIMIZATION_LEVEL = "-O";
				VALIDATE_PRODUCT = YES;
			};
			name = Release;
		};
		917612D82AEA864B006D3718 /* Debug */ = {
			isa = XCBuildConfiguration;
			buildSettings = {
				ASSETCATALOG_COMPILER_APPICON_NAME = AppIcon;
				ASSETCATALOG_COMPILER_GLOBAL_ACCENT_COLOR_NAME = AccentColor;
				ASSETCATALOG_COMPILER_INCLUDE_ALL_APPICON_ASSETS = YES;
				CODE_SIGN_STYLE = Automatic;
				CURRENT_PROJECT_VERSION = 2;
				DEVELOPMENT_ASSET_PATHS = "\"wie/Preview Content\"";
				DEVELOPMENT_TEAM = JZPZYT4CDD;
				ENABLE_PREVIEWS = YES;
				GENERATE_INFOPLIST_FILE = YES;
				INFOPLIST_FILE = wie/Info.plist;
				INFOPLIST_KEY_CFBundleDisplayName = Wie;
				INFOPLIST_KEY_LSApplicationCategoryType = "";
				INFOPLIST_KEY_UIApplicationSceneManifest_Generation = YES;
				INFOPLIST_KEY_UIApplicationSupportsIndirectInputEvents = YES;
				INFOPLIST_KEY_UILaunchStoryboardName = LaunchScreen.storyboard;
				INFOPLIST_KEY_UIRequiresFullScreen = YES;
				INFOPLIST_KEY_UIStatusBarStyle = "";
				INFOPLIST_KEY_UISupportedInterfaceOrientations = UIInterfaceOrientationPortrait;
				LD_RUNPATH_SEARCH_PATHS = (
					"$(inherited)",
					"@executable_path/Frameworks",
				);
				MARKETING_VERSION = 1.1;
				PRODUCT_BUNDLE_IDENTIFIER = com.optimalhrltd.wie;
				PRODUCT_NAME = "$(TARGET_NAME)";
				SWIFT_EMIT_LOC_STRINGS = YES;
				SWIFT_VERSION = 5.0;
				TARGETED_DEVICE_FAMILY = "1,2";
			};
			name = Debug;
		};
		917612D92AEA864B006D3718 /* Release */ = {
			isa = XCBuildConfiguration;
			buildSettings = {
				ASSETCATALOG_COMPILER_APPICON_NAME = AppIcon;
				ASSETCATALOG_COMPILER_GLOBAL_ACCENT_COLOR_NAME = AccentColor;
				ASSETCATALOG_COMPILER_INCLUDE_ALL_APPICON_ASSETS = YES;
				CODE_SIGN_STYLE = Automatic;
				CURRENT_PROJECT_VERSION = 2;
				DEVELOPMENT_ASSET_PATHS = "\"wie/Preview Content\"";
				DEVELOPMENT_TEAM = JZPZYT4CDD;
				ENABLE_PREVIEWS = YES;
				GENERATE_INFOPLIST_FILE = YES;
				INFOPLIST_FILE = wie/Info.plist;
				INFOPLIST_KEY_CFBundleDisplayName = Wie;
				INFOPLIST_KEY_LSApplicationCategoryType = "";
				INFOPLIST_KEY_UIApplicationSceneManifest_Generation = YES;
				INFOPLIST_KEY_UIApplicationSupportsIndirectInputEvents = YES;
				INFOPLIST_KEY_UILaunchStoryboardName = LaunchScreen.storyboard;
				INFOPLIST_KEY_UIRequiresFullScreen = YES;
				INFOPLIST_KEY_UIStatusBarStyle = "";
				INFOPLIST_KEY_UISupportedInterfaceOrientations = UIInterfaceOrientationPortrait;
				LD_RUNPATH_SEARCH_PATHS = (
					"$(inherited)",
					"@executable_path/Frameworks",
				);
				MARKETING_VERSION = 1.1;
				PRODUCT_BUNDLE_IDENTIFIER = com.optimalhrltd.wie;
				PRODUCT_NAME = "$(TARGET_NAME)";
				SWIFT_EMIT_LOC_STRINGS = YES;
				SWIFT_VERSION = 5.0;
				TARGETED_DEVICE_FAMILY = "1,2";
			};
			name = Release;
		};
/* End XCBuildConfiguration section */

/* Begin XCConfigurationList section */
		917612BF2AEA864A006D3718 /* Build configuration list for PBXProject "wie" */ = {
			isa = XCConfigurationList;
			buildConfigurations = (
				917612D52AEA864B006D3718 /* Debug */,
				917612D62AEA864B006D3718 /* Release */,
			);
			defaultConfigurationIsVisible = 0;
			defaultConfigurationName = Release;
		};
		917612D72AEA864B006D3718 /* Build configuration list for PBXNativeTarget "wie" */ = {
			isa = XCConfigurationList;
			buildConfigurations = (
				917612D82AEA864B006D3718 /* Debug */,
				917612D92AEA864B006D3718 /* Release */,
			);
			defaultConfigurationIsVisible = 0;
			defaultConfigurationName = Release;
		};
/* End XCConfigurationList section */

/* Begin XCVersionGroup section */
		917612D22AEA864B006D3718 /* wie.xcdatamodeld */ = {
			isa = XCVersionGroup;
			children = (
				917612D32AEA864B006D3718 /* wie.xcdatamodel */,
			);
			currentVersion = 917612D32AEA864B006D3718 /* wie.xcdatamodel */;
			path = wie.xcdatamodeld;
			sourceTree = "<group>";
			versionGroupType = wrapper.xcdatamodel;
		};
/* End XCVersionGroup section */
	};
	rootObject = 917612BC2AEA864A006D3718 /* Project object */;
}
